<?xml version="1.0" encoding="utf-8"?>
<Project ToolsVersion="4.0" xmlns="http://schemas.microsoft.com/developer/msbuild/2003">
  <ItemGroup>
    <Filter Include="Source Files">
      <UniqueIdentifier>{4FC737F1-C7A5-4376-A066-2A32D752A2FF}</UniqueIdentifier>
      <Extensions>cpp;c;cc;cxx;def;odl;idl;hpj;bat;asm;asmx</Extensions>
    </Filter>
    <Filter Include="Header Files">
      <UniqueIdentifier>{93995380-89BD-4b04-88EB-625FBE52EBFB}</UniqueIdentifier>
      <Extensions>h;hh;hpp;hxx;hm;inl;inc;xsd</Extensions>
    </Filter>
    <Filter Include="Resource Files">
      <UniqueIdentifier>{67DA6AB6-F800-4c08-8B7A-83BB121AAD01}</UniqueIdentifier>
      <Extensions>rc;ico;cur;bmp;dlg;rc2;rct;bin;rgs;gif;jpg;jpeg;jpe;resx;tiff;tif;png;wav;mfcribbon-ms</Extensions>
    </Filter>
    <Filter Include="Resource Files\Sprites">
      <UniqueIdentifier>{f316d2b5-c043-4147-8ed3-5409492faaaf}</UniqueIdentifier>
    </Filter>
    <Filter Include="Resource Files\Sounds">
      <UniqueIdentifier>{e4a76e26-5aa4-48af-8b74-277553653b25}</UniqueIdentifier>
    </Filter>
    <Filter Include="Resource Files\Fonts">
      <UniqueIdentifier>{f97f231d-86c4-463f-a55e-ed30ac534bfc}</UniqueIdentifier>
    </Filter>
  </ItemGroup>
  <ItemGroup>
    <ClCompile Include="main.cpp">
      <Filter>Source Files</Filter>
    </ClCompile>
    <ClCompile Include="Game.cpp">
      <Filter>Source Files</Filter>
    </ClCompile>
    <ClCompile Include="GameWorld.cpp">
      <Filter>Source Files</Filter>
    </ClCompile>
    <ClCompile Include="Enemy.cpp">
      <Filter>Source Files</Filter>
    </ClCompile>
    <ClCompile Include="Horde.cpp">
      <Filter>Source Files</Filter>
    </ClCompile>
    <ClCompile Include="Turret.cpp">
      <Filter>Source Files</Filter>
    </ClCompile>
    <ClCompile Include="Bullet.cpp">
      <Filter>Source Files</Filter>
    </ClCompile>
    <ClCompile Include="ResourceFactory.cpp">
      <Filter>Source Files</Filter>
    </ClCompile>
    <ClCompile Include="AnimatedSprite.cpp">
      <Filter>Source Files</Filter>
    </ClCompile>
    <ClCompile Include="Explosion.cpp">
      <Filter>Source Files</Filter>
    </ClCompile>
    <ClCompile Include="SimpleText.cpp">
      <Filter>Source Files</Filter>
    </ClCompile>
    <ClCompile Include="Score.cpp">
      <Filter>Source Files</Filter>
    </ClCompile>
    <ClCompile Include="StateManager.cpp">
      <Filter>Source Files</Filter>
    </ClCompile>
    <ClCompile Include="Shield.cpp">
      <Filter>Source Files</Filter>
    </ClCompile>
    <ClCompile Include="ElementFactory.cpp">
      <Filter>Source Files</Filter>
    </ClCompile>
    <ClCompile Include="GameScene.cpp">
      <Filter>Source Files</Filter>
    </ClCompile>
    <ClCompile Include="MainScreen.cpp">
      <Filter>Source Files</Filter>
    </ClCompile>
    <ClCompile Include="StaticSprite.cpp">
      <Filter>Source Files</Filter>
    </ClCompile>
    <ClCompile Include="EnemyLeader.cpp">
      <Filter>Source Files</Filter>
    </ClCompile>
    <ClCompile Include="Invader.cpp">
      <Filter>Source Files</Filter>
    </ClCompile>
    <ClCompile Include="WindowCommandQueue.cpp">
      <Filter>Source Files</Filter>
    </ClCompile>
    <ClCompile Include="NetworkCommandQueue.cpp">
      <Filter>Source Files</Filter>
    </ClCompile>
    <ClCompile Include="PowerUp.cpp">
      <Filter>Source Files</Filter>
    </ClCompile>
  </ItemGroup>
  <ItemGroup>
    <ClInclude Include="stdafx.h">
      <Filter>Header Files</Filter>
    </ClInclude>
    <ClInclude Include="AnimatedSprite.h">
      <Filter>Header Files</Filter>
    </ClInclude>
    <ClInclude Include="Bullet.h">
      <Filter>Header Files</Filter>
    </ClInclude>
    <ClInclude Include="Enemy.h">
      <Filter>Header Files</Filter>
    </ClInclude>
    <ClInclude Include="Explosion.h">
      <Filter>Header Files</Filter>
    </ClInclude>
    <ClInclude Include="GameElement.h">
      <Filter>Header Files</Filter>
    </ClInclude>
    <ClInclude Include="Horde.h">
      <Filter>Header Files</Filter>
    </ClInclude>
    <ClInclude Include="SimpleText.h">
      <Filter>Header Files</Filter>
    </ClInclude>
    <ClInclude Include="Turret.h">
      <Filter>Header Files</Filter>
    </ClInclude>
    <ClInclude Include="Constants.h">
      <Filter>Header Files</Filter>
    </ClInclude>
    <ClInclude Include="Destroyable.h">
      <Filter>Header Files</Filter>
    </ClInclude>
    <ClInclude Include="Game.h">
      <Filter>Header Files</Filter>
    </ClInclude>
    <ClInclude Include="GameWorld.h">
      <Filter>Header Files</Filter>
    </ClInclude>
    <ClInclude Include="ResourceFactory.h">
      <Filter>Header Files</Filter>
    </ClInclude>
    <ClInclude Include="Score.h">
      <Filter>Header Files</Filter>
    </ClInclude>
    <ClInclude Include="StateManager.h">
      <Filter>Header Files</Filter>
    </ClInclude>
    <ClInclude Include="Shield.h">
      <Filter>Header Files</Filter>
    </ClInclude>
    <ClInclude Include="Types.h">
      <Filter>Header Files</Filter>
    </ClInclude>
    <ClInclude Include="GameScene.h">
      <Filter>Header Files</Filter>
    </ClInclude>
    <ClInclude Include="MainScreen.h">
      <Filter>Header Files</Filter>
    </ClInclude>
    <ClInclude Include="StaticSprite.h">
      <Filter>Header Files</Filter>
    </ClInclude>
    <ClInclude Include="EnemyLeader.h">
      <Filter>Header Files</Filter>
    </ClInclude>
    <ClInclude Include="Invader.h">
      <Filter>Header Files</Filter>
    </ClInclude>
    <ClInclude Include="Player.h">
      <Filter>Header Files</Filter>
    </ClInclude>
    <ClInclude Include="InputCommand.h">
      <Filter>Header Files</Filter>
    </ClInclude>
    <ClInclude Include="CommandQueue.h">
      <Filter>Header Files</Filter>
    </ClInclude>
    <ClInclude Include="WindowCommandQueue.h">
      <Filter>Header Files</Filter>
    </ClInclude>
    <ClInclude Include="NetworkCommandQueue.h">
      <Filter>Header Files</Filter>
    </ClInclude>
    <ClInclude Include="PowerUp.h">
      <Filter>Header Files</Filter>
    </ClInclude>
    <ClInclude Include="BulletType.h">
      <Filter>Header Files</Filter>
    </ClInclude>
  </ItemGroup>
  <ItemGroup>
    <Image Include="Resources\Sprites\background.png">
      <Filter>Resource Files\Sprites</Filter>
    </Image>
    <Image Include="Resources\Sprites\enemies_atlas.png">
      <Filter>Resource Files\Sprites</Filter>
    </Image>
    <Image Include="Resources\Sprites\enemy_1_small_2x2.png">
      <Filter>Resource Files\Sprites</Filter>
    </Image>
    <Image Include="Resources\Sprites\explosion.png">
      <Filter>Resource Files\Sprites</Filter>
    </Image>
    <Image Include="Resources\Sprites\explosion__.png">
      <Filter>Resource Files\Sprites</Filter>
    </Image>
    <Image Include="Resources\Sprites\explosion_s.png">
      <Filter>Resource Files\Sprites</Filter>
    </Image>
    <Image Include="Resources\Sprites\leader.png">
      <Filter>Resource Files\Sprites</Filter>
    </Image>
    <Image Include="Resources\Sprites\logo.png">
      <Filter>Resource Files\Sprites</Filter>
    </Image>
    <Image Include="Resources\Sprites\powerup_p.png">
      <Filter>Resource Files\Sprites</Filter>
    </Image>
    <Image Include="Resources\Sprites\turret.png">
      <Filter>Resource Files\Sprites</Filter>
    </Image>
  </ItemGroup>
  <ItemGroup>
    <Media Include="Resources\Sounds\explosion.wav">
      <Filter>Resource Files\Sounds</Filter>
    </Media>
    <Media Include="Resources\Sounds\invaderkilled.wav">
      <Filter>Resource Files\Sounds</Filter>
    </Media>
  </ItemGroup>
  <ItemGroup>
    <Font Include="Resources\Fonts\consola.ttf">
      <Filter>Resource Files\Fonts</Filter>
    </Font>
    <Font Include="Resources\Fonts\consolab.ttf">
      <Filter>Resource Files\Fonts</Filter>
    </Font>
    <Font Include="Resources\Fonts\consolai.ttf">
      <Filter>Resource Files\Fonts</Filter>
    </Font>
    <Font Include="Resources\Fonts\consolaz.ttf">
      <Filter>Resource Files\Fonts</Filter>
    </Font>
  </ItemGroup>
</Project>